
Microsoft Visual Studio Solution File, Format Version 12.00
# Visual Studio Version 17
VisualStudioVersion = 17.14.36127.28 d17.14
MinimumVisualStudioVersion = 10.0.40219.1
Project("{FAE04EC0-301F-11D3-BF4B-00C04F79EFBC}") = "EventSchedular", "EventSchedular\EventSchedular.csproj", "{8FDBDCC4-BBF8-45AE-9BDE-B3E6573AD704}"
EndProject
Global
	GlobalSection(SolutionConfigurationPlatforms) = preSolution
		Debug|Any CPU = Debug|Any CPU
		Release|Any CPU = Release|Any CPU
	EndGlobalSection
	GlobalSection(ProjectConfigurationPlatforms) = postSolution
		{8FDBDCC4-BBF8-45AE-9BDE-B3E6573AD704}.Debug|Any CPU.ActiveCfg = Debug|Any CPU
		{8FDBDCC4-BBF8-45AE-9BDE-B3E6573AD704}.Debug|Any CPU.Build.0 = Debug|Any CPU
		{8FDBDCC4-BBF8-45AE-9BDE-B3E6573AD704}.Release|Any CPU.ActiveCfg = Release|Any CPU
		{8FDBDCC4-BBF8-45AE-9BDE-B3E6573AD704}.Release|Any CPU.Build.0 = Release|Any CPU
	EndGlobalSection
	GlobalSection(SolutionProperties) = preSolution
		HideSolutionNode = FALSE
	EndGlobalSection
	GlobalSection(ExtensibilityGlobals) = postSolution
		SolutionGuid = {9B93EFCD-820B-4370-958A-D1F3C50C7C59}
	EndGlobalSection
EndGlobal
